version = 1
requires-python = ">=3.11"

[[package]]
name = "pytube"
version = "15.0.0"
source = { registry = "https://pypi.org/simple" }
sdist = { url = "https://files.pythonhosted.org/packages/d8/e7/16fec46c8d255c4bbc4b185d89c91dc92cdb802836570d8004d0db169c91/pytube-15.0.0.tar.gz", hash = "sha256:076052efe76f390dfa24b1194ff821d4e86c17d41cb5562f3a276a8bcbfc9d1d", size = 67229 }
wheels = [
    { url = "https://files.pythonhosted.org/packages/51/64/bcf8632ed2b7a36bbf84a0544885ffa1d0b4bcf25cc0903dba66ec5fdad9/pytube-15.0.0-py3-none-any.whl", hash = "sha256:07b9904749e213485780d7eb606e5e5b8e4341aa4dccf699160876da00e12d78", size = 57594 },
]

[[package]]
name = "repl-nix-workspace"
version = "0.1.0"
source = { virtual = "." }
dependencies = [
    { name = "pytube" },
]

[package.metadata]
requires-dist = [{ name = "pytube", specifier = ">=15.0.0" }]
